
Microsoft Visual Studio Solution File, Format Version 12.00
# Visual Studio 15
VisualStudioVersion = 15.0.28307.168
MinimumVisualStudioVersion = 10.0.40219.1
Project("{FAE04EC0-301F-11D3-BF4B-00C04F79EFBC}") = "simpleApp", "simpleApp\simpleApp.csproj", "{919E64A6-116D-4A60-92FE-9BB14F46FE40}"
EndProject
Global
	GlobalSection(SolutionConfigurationPlatforms) = preSolution
		Debug|Any CPU = Debug|Any CPU
		Release|Any CPU = Release|Any CPU
	EndGlobalSection
	GlobalSection(ProjectConfigurationPlatforms) = postSolution
		{919E64A6-116D-4A60-92FE-9BB14F46FE40}.Debug|Any CPU.ActiveCfg = Debug|Any CPU
		{919E64A6-116D-4A60-92FE-9BB14F46FE40}.Debug|Any CPU.Build.0 = Debug|Any CPU
		{919E64A6-116D-4A60-92FE-9BB14F46FE40}.Release|Any CPU.ActiveCfg = Release|Any CPU
		{919E64A6-116D-4A60-92FE-9BB14F46FE40}.Release|Any CPU.Build.0 = Release|Any CPU
	EndGlobalSection
	GlobalSection(SolutionProperties) = preSolution
		HideSolutionNode = FALSE
	EndGlobalSection
	GlobalSection(ExtensibilityGlobals) = postSolution
		SolutionGuid = {009AB8EB-9B53-4CBF-9C62-6130E6C92B20}
	EndGlobalSection
EndGlobal
